
Microsoft Visual Studio Solution File, Format Version 12.00
# Visual Studio Version 16
VisualStudioVersion = 25.0.1705.0
MinimumVisualStudioVersion = 10.0.40219.1
Project("{FAE04EC0-301F-11D3-BF4B-00C04F79EFBC}") = "Lazy", "Lazy\Lazy.csproj", "{8C02FA33-51A5-4D77-80E8-0BC7F68386DD}"
EndProject
Project("{FAE04EC0-301F-11D3-BF4B-00C04F79EFBC}") = "Yield", "Yield\Yield.csproj", "{5497D5E7-E58E-42D9-94C0-4EDC41A78D47}"
EndProject
Project("{FAE04EC0-301F-11D3-BF4B-00C04F79EFBC}") = "ChannelPubSub", "ChannelPubSub\ChannelPubSub.csproj", "{A714E63A-72A4-4660-A23B-3D267F627B1E}"
EndProject
Global
	GlobalSection(SolutionConfigurationPlatforms) = preSolution
		Debug|Any CPU = Debug|Any CPU
		Release|Any CPU = Release|Any CPU
	EndGlobalSection
	GlobalSection(ProjectConfigurationPlatforms) = postSolution
		{8C02FA33-51A5-4D77-80E8-0BC7F68386DD}.Debug|Any CPU.ActiveCfg = Debug|Any CPU
		{8C02FA33-51A5-4D77-80E8-0BC7F68386DD}.Debug|Any CPU.Build.0 = Debug|Any CPU
		{8C02FA33-51A5-4D77-80E8-0BC7F68386DD}.Release|Any CPU.ActiveCfg = Release|Any CPU
		{8C02FA33-51A5-4D77-80E8-0BC7F68386DD}.Release|Any CPU.Build.0 = Release|Any CPU
		{5497D5E7-E58E-42D9-94C0-4EDC41A78D47}.Debug|Any CPU.ActiveCfg = Debug|Any CPU
		{5497D5E7-E58E-42D9-94C0-4EDC41A78D47}.Debug|Any CPU.Build.0 = Debug|Any CPU
		{5497D5E7-E58E-42D9-94C0-4EDC41A78D47}.Release|Any CPU.ActiveCfg = Release|Any CPU
		{5497D5E7-E58E-42D9-94C0-4EDC41A78D47}.Release|Any CPU.Build.0 = Release|Any CPU
		{A714E63A-72A4-4660-A23B-3D267F627B1E}.Debug|Any CPU.ActiveCfg = Debug|Any CPU
		{A714E63A-72A4-4660-A23B-3D267F627B1E}.Debug|Any CPU.Build.0 = Debug|Any CPU
		{A714E63A-72A4-4660-A23B-3D267F627B1E}.Release|Any CPU.ActiveCfg = Release|Any CPU
		{A714E63A-72A4-4660-A23B-3D267F627B1E}.Release|Any CPU.Build.0 = Release|Any CPU
	EndGlobalSection
	GlobalSection(SolutionProperties) = preSolution
		HideSolutionNode = FALSE
	EndGlobalSection
	GlobalSection(ExtensibilityGlobals) = postSolution
		SolutionGuid = {BF5ECD1E-FA82-44A5-9FE2-5AE0DE24CA7F}
	EndGlobalSection
EndGlobal
